
Microsoft Visual Studio Solution File, Format Version 12.00
# Visual Studio Version 16
VisualStudioVersion = 16.0.29215.179
MinimumVisualStudioVersion = 10.0.40219.1
Project("{FAE04EC0-301F-11D3-BF4B-00C04F79EFBC}") = "Area", "Area\Area.csproj", "{113F145A-9A09-4FD5-A61D-8EC80545E5EB}"
EndProject
Global
	GlobalSection(SolutionConfigurationPlatforms) = preSolution
		Debug|Any CPU = Debug|Any CPU
		Release|Any CPU = Release|Any CPU
	EndGlobalSection
	GlobalSection(ProjectConfigurationPlatforms) = postSolution
		{113F145A-9A09-4FD5-A61D-8EC80545E5EB}.Debug|Any CPU.ActiveCfg = Debug|Any CPU
		{113F145A-9A09-4FD5-A61D-8EC80545E5EB}.Debug|Any CPU.Build.0 = Debug|Any CPU
		{113F145A-9A09-4FD5-A61D-8EC80545E5EB}.Release|Any CPU.ActiveCfg = Release|Any CPU
		{113F145A-9A09-4FD5-A61D-8EC80545E5EB}.Release|Any CPU.Build.0 = Release|Any CPU
	EndGlobalSection
	GlobalSection(SolutionProperties) = preSolution
		HideSolutionNode = FALSE
	EndGlobalSection
	GlobalSection(ExtensibilityGlobals) = postSolution
		SolutionGuid = {83E585C8-EA6D-44A5-9179-2931A0310B4D}
	EndGlobalSection
EndGlobal
